// !$*UTF8*$!
{
	archiveVersion = 1;
	classes = {
	};
	objectVersion = 55;
	objects = {

/* Begin PBXBuildFile section */
		05114F4527E9EA8A00837F10 /* wrong4.m4a in Resources */ = {isa = PBXBuildFile; fileRef = 05114F4427E9EA8A00837F10 /* wrong4.m4a */; };
		05114F4727E9EACA00837F10 /* wrong3.m4a in Resources */ = {isa = PBXBuildFile; fileRef = 05114F4627E9EACA00837F10 /* wrong3.m4a */; };
		05114F4927E9F50A00837F10 /* Bradley Hand Bold.ttf in Resources */ = {isa = PBXBuildFile; fileRef = 05114F4827E9F50A00837F10 /* Bradley Hand Bold.ttf */; };
		05114F4D27E9F6B400837F10 /* Chalkboard.ttc in Resources */ = {isa = PBXBuildFile; fileRef = 05114F4C27E9F6B400837F10 /* Chalkboard.ttc */; };
		05114F4F27E9F72F00837F10 /* ChalkboardSE.ttc in Resources */ = {isa = PBXBuildFile; fileRef = 05114F4E27E9F72F00837F10 /* ChalkboardSE.ttc */; };
		052367F727A947B100765B66 /* OpticianSans-Regular.otf in Resources */ = {isa = PBXBuildFile; fileRef = 052367F627A947B100765B66 /* OpticianSans-Regular.otf */; };
		0532C42F27A7EAE000F081E2 /* BetterSightApp.swift in Sources */ = {isa = PBXBuildFile; fileRef = 0532C42E27A7EAE000F081E2 /* BetterSightApp.swift */; };
		0532C43127A7EAE000F081E2 /* MainView.swift in Sources */ = {isa = PBXBuildFile; fileRef = 0532C43027A7EAE000F081E2 /* MainView.swift */; };
		0532C43327A7EAE100F081E2 /* Assets.xcassets in Resources */ = {isa = PBXBuildFile; fileRef = 0532C43227A7EAE100F081E2 /* Assets.xcassets */; };
		0532C43627A7EAE100F081E2 /* Preview Assets.xcassets in Resources */ = {isa = PBXBuildFile; fileRef = 0532C43527A7EAE100F081E2 /* Preview Assets.xcassets */; };
		0532C43F27A7EB2800F081E2 /* CGameBody.swift in Sources */ = {isa = PBXBuildFile; fileRef = 0532C43E27A7EB2800F081E2 /* CGameBody.swift */; };
		0578165327E61E5300A3F7D5 /* FileManager-DocumentsDirectory.swift in Sources */ = {isa = PBXBuildFile; fileRef = 0578165227E61E5200A3F7D5 /* FileManager-DocumentsDirectory.swift */; };
		0578165527E6402800A3F7D5 /* CheckMark.swift in Sources */ = {isa = PBXBuildFile; fileRef = 0578165427E6402800A3F7D5 /* CheckMark.swift */; };
		057B89EB27DE179100AF2A3D /* CGameView.swift in Sources */ = {isa = PBXBuildFile; fileRef = 057B89EA27DE179100AF2A3D /* CGameView.swift */; };
		057ED24827DB428C005EDBD4 /* CSettings.swift in Sources */ = {isa = PBXBuildFile; fileRef = 057ED24727DB428C005EDBD4 /* CSettings.swift */; };
		059B274527F1777500658179 /* SpeechRecognizer.swift in Sources */ = {isa = PBXBuildFile; fileRef = 059B274427F1777500658179 /* SpeechRecognizer.swift */; };
		05B6D68527D7234A002C3258 /* CSettingsView.swift in Sources */ = {isa = PBXBuildFile; fileRef = 05B6D68427D7234A002C3258 /* CSettingsView.swift */; };
		05B6D68727D77D23002C3258 /* CLetter.swift in Sources */ = {isa = PBXBuildFile; fileRef = 05B6D68627D77D23002C3258 /* CLetter.swift */; };
		05B6D68927D868CF002C3258 /* CGame.swift in Sources */ = {isa = PBXBuildFile; fileRef = 05B6D68827D868CF002C3258 /* CGame.swift */; };
		05BAF4BB27C3ACCE00CA1416 /* InfoSheet.swift in Sources */ = {isa = PBXBuildFile; fileRef = 05BAF4BA27C3ACCE00CA1416 /* InfoSheet.swift */; };
		05BB131327E8E46D00159FB2 /* bling3.mp3 in Resources */ = {isa = PBXBuildFile; fileRef = 05BB131127E8E46D00159FB2 /* bling3.mp3 */; };
		05BB131427E8E46D00159FB2 /* bling2.mp3 in Resources */ = {isa = PBXBuildFile; fileRef = 05BB131227E8E46D00159FB2 /* bling2.mp3 */; };
		05BB131827E904BC00159FB2 /* wrong.m4a in Resources */ = {isa = PBXBuildFile; fileRef = 05BB131727E904BC00159FB2 /* wrong.m4a */; };
		05BB131A27E905F700159FB2 /* wrong2.m4a in Resources */ = {isa = PBXBuildFile; fileRef = 05BB131927E905F700159FB2 /* wrong2.m4a */; };
		05D1EE2D27E1AD02001D67E9 /* ProgressTrackerView.swift in Sources */ = {isa = PBXBuildFile; fileRef = 05D1EE2C27E1AD02001D67E9 /* ProgressTrackerView.swift */; };
		05D1EE3127E21AA2001D67E9 /* WorkoutProgress.swift in Sources */ = {isa = PBXBuildFile; fileRef = 05D1EE3027E21AA2001D67E9 /* WorkoutProgress.swift */; };
		05D1EE3527E21FB8001D67E9 /* ProgressTracker.swift in Sources */ = {isa = PBXBuildFile; fileRef = 05D1EE3427E21FB8001D67E9 /* ProgressTracker.swift */; };
		05D1EE3727E22519001D67E9 /* TapBars.swift in Sources */ = {isa = PBXBuildFile; fileRef = 05D1EE3627E22519001D67E9 /* TapBars.swift */; };
		05F10BF927E7BA8000BA502D /* beep1.mp3 in Resources */ = {isa = PBXBuildFile; fileRef = 05F10BF727E7BA8000BA502D /* beep1.mp3 */; };
		05F10BFA27E7BA8000BA502D /* error1.mp3 in Resources */ = {isa = PBXBuildFile; fileRef = 05F10BF827E7BA8000BA502D /* error1.mp3 */; };
		05F10BFD27E7BF7500BA502D /* SoundPlayer.swift in Sources */ = {isa = PBXBuildFile; fileRef = 05F10BFC27E7BF7500BA502D /* SoundPlayer.swift */; };
/* End PBXBuildFile section */

/* Begin PBXFileReference section */
		05114F4427E9EA8A00837F10 /* wrong4.m4a */ = {isa = PBXFileReference; lastKnownFileType = file; path = wrong4.m4a; sourceTree = "<group>"; };
		05114F4627E9EACA00837F10 /* wrong3.m4a */ = {isa = PBXFileReference; lastKnownFileType = file; path = wrong3.m4a; sourceTree = "<group>"; };
		05114F4827E9F50A00837F10 /* Bradley Hand Bold.ttf */ = {isa = PBXFileReference; lastKnownFileType = file; path = "Bradley Hand Bold.ttf"; sourceTree = "<group>"; };
		05114F4C27E9F6B400837F10 /* Chalkboard.ttc */ = {isa = PBXFileReference; lastKnownFileType = file; path = Chalkboard.ttc; sourceTree = "<group>"; };
		05114F4E27E9F72F00837F10 /* ChalkboardSE.ttc */ = {isa = PBXFileReference; lastKnownFileType = file; path = ChalkboardSE.ttc; sourceTree = "<group>"; };
		052367F627A947B100765B66 /* OpticianSans-Regular.otf */ = {isa = PBXFileReference; lastKnownFileType = file; path = "OpticianSans-Regular.otf"; sourceTree = "<group>"; };
		0532C42B27A7EAE000F081E2 /* BetterSight.app */ = {isa = PBXFileReference; explicitFileType = wrapper.application; includeInIndex = 0; path = BetterSight.app; sourceTree = BUILT_PRODUCTS_DIR; };
		0532C42E27A7EAE000F081E2 /* BetterSightApp.swift */ = {isa = PBXFileReference; lastKnownFileType = sourcecode.swift; path = BetterSightApp.swift; sourceTree = "<group>"; };
		0532C43027A7EAE000F081E2 /* MainView.swift */ = {isa = PBXFileReference; lastKnownFileType = sourcecode.swift; path = MainView.swift; sourceTree = "<group>"; };
		0532C43227A7EAE100F081E2 /* Assets.xcassets */ = {isa = PBXFileReference; lastKnownFileType = folder.assetcatalog; path = Assets.xcassets; sourceTree = "<group>"; };
		0532C43527A7EAE100F081E2 /* Preview Assets.xcassets */ = {isa = PBXFileReference; lastKnownFileType = folder.assetcatalog; path = "Preview Assets.xcassets"; sourceTree = "<group>"; };
		0532C43E27A7EB2800F081E2 /* CGameBody.swift */ = {isa = PBXFileReference; lastKnownFileType = sourcecode.swift; path = CGameBody.swift; sourceTree = "<group>"; };
		0532C44327A7EC7B00F081E2 /* Info.plist */ = {isa = PBXFileReference; lastKnownFileType = text.plist; path = Info.plist; sourceTree = "<group>"; };
		0578165227E61E5200A3F7D5 /* FileManager-DocumentsDirectory.swift */ = {isa = PBXFileReference; lastKnownFileType = sourcecode.swift; path = "FileManager-DocumentsDirectory.swift"; sourceTree = "<group>"; };
		0578165427E6402800A3F7D5 /* CheckMark.swift */ = {isa = PBXFileReference; lastKnownFileType = sourcecode.swift; path = CheckMark.swift; sourceTree = "<group>"; };
		057B89EA27DE179100AF2A3D /* CGameView.swift */ = {isa = PBXFileReference; lastKnownFileType = sourcecode.swift; path = CGameView.swift; sourceTree = "<group>"; };
		057ED24727DB428C005EDBD4 /* CSettings.swift */ = {isa = PBXFileReference; lastKnownFileType = sourcecode.swift; path = CSettings.swift; sourceTree = "<group>"; };
		059B274427F1777500658179 /* SpeechRecognizer.swift */ = {isa = PBXFileReference; lastKnownFileType = sourcecode.swift; path = SpeechRecognizer.swift; sourceTree = "<group>"; };
		05B6D68427D7234A002C3258 /* CSettingsView.swift */ = {isa = PBXFileReference; lastKnownFileType = sourcecode.swift; path = CSettingsView.swift; sourceTree = "<group>"; };
		05B6D68627D77D23002C3258 /* CLetter.swift */ = {isa = PBXFileReference; lastKnownFileType = sourcecode.swift; path = CLetter.swift; sourceTree = "<group>"; };
		05B6D68827D868CF002C3258 /* CGame.swift */ = {isa = PBXFileReference; lastKnownFileType = sourcecode.swift; path = CGame.swift; sourceTree = "<group>"; };
		05BAF4BA27C3ACCE00CA1416 /* InfoSheet.swift */ = {isa = PBXFileReference; lastKnownFileType = sourcecode.swift; path = InfoSheet.swift; sourceTree = "<group>"; };
		05BB131127E8E46D00159FB2 /* bling3.mp3 */ = {isa = PBXFileReference; lastKnownFileType = audio.mp3; path = bling3.mp3; sourceTree = "<group>"; };
		05BB131227E8E46D00159FB2 /* bling2.mp3 */ = {isa = PBXFileReference; lastKnownFileType = audio.mp3; path = bling2.mp3; sourceTree = "<group>"; };
		05BB131727E904BC00159FB2 /* wrong.m4a */ = {isa = PBXFileReference; lastKnownFileType = file; path = wrong.m4a; sourceTree = "<group>"; };
		05BB131927E905F700159FB2 /* wrong2.m4a */ = {isa = PBXFileReference; lastKnownFileType = file; path = wrong2.m4a; sourceTree = "<group>"; };
		05D1EE2C27E1AD02001D67E9 /* ProgressTrackerView.swift */ = {isa = PBXFileReference; lastKnownFileType = sourcecode.swift; path = ProgressTrackerView.swift; sourceTree = "<group>"; };
		05D1EE3027E21AA2001D67E9 /* WorkoutProgress.swift */ = {isa = PBXFileReference; lastKnownFileType = sourcecode.swift; path = WorkoutProgress.swift; sourceTree = "<group>"; };
		05D1EE3427E21FB8001D67E9 /* ProgressTracker.swift */ = {isa = PBXFileReference; lastKnownFileType = sourcecode.swift; path = ProgressTracker.swift; sourceTree = "<group>"; };
		05D1EE3627E22519001D67E9 /* TapBars.swift */ = {isa = PBXFileReference; lastKnownFileType = sourcecode.swift; path = TapBars.swift; sourceTree = "<group>"; };
		05F10BF727E7BA8000BA502D /* beep1.mp3 */ = {isa = PBXFileReference; lastKnownFileType = audio.mp3; path = beep1.mp3; sourceTree = "<group>"; };
		05F10BF827E7BA8000BA502D /* error1.mp3 */ = {isa = PBXFileReference; lastKnownFileType = audio.mp3; path = error1.mp3; sourceTree = "<group>"; };
		05F10BFC27E7BF7500BA502D /* SoundPlayer.swift */ = {isa = PBXFileReference; lastKnownFileType = sourcecode.swift; path = SoundPlayer.swift; sourceTree = "<group>"; };
/* End PBXFileReference section */

/* Begin PBXFrameworksBuildPhase section */
		0532C42827A7EAE000F081E2 /* Frameworks */ = {
			isa = PBXFrameworksBuildPhase;
			buildActionMask = 2147483647;
			files = (
			);
			runOnlyForDeploymentPostprocessing = 0;
		};
/* End PBXFrameworksBuildPhase section */

/* Begin PBXGroup section */
		052367F527A946E500765B66 /* Fonts */ = {
			isa = PBXGroup;
			children = (
				052367F627A947B100765B66 /* OpticianSans-Regular.otf */,
				05114F4E27E9F72F00837F10 /* ChalkboardSE.ttc */,
				05114F4827E9F50A00837F10 /* Bradley Hand Bold.ttf */,
				05114F4C27E9F6B400837F10 /* Chalkboard.ttc */,
			);
			path = Fonts;
			sourceTree = "<group>";
		};
		0532C42227A7EAE000F081E2 = {
			isa = PBXGroup;
			children = (
				0532C42D27A7EAE000F081E2 /* BetterSight */,
				0532C42C27A7EAE000F081E2 /* Products */,
			);
			sourceTree = "<group>";
		};
		0532C42C27A7EAE000F081E2 /* Products */ = {
			isa = PBXGroup;
			children = (
				0532C42B27A7EAE000F081E2 /* BetterSight.app */,
			);
			name = Products;
			sourceTree = "<group>";
		};
		0532C42D27A7EAE000F081E2 /* BetterSight */ = {
			isa = PBXGroup;
			children = (
				0532C44327A7EC7B00F081E2 /* Info.plist */,
				0532C42E27A7EAE000F081E2 /* BetterSightApp.swift */,
				0532C43027A7EAE000F081E2 /* MainView.swift */,
				057B89EA27DE179100AF2A3D /* CGameView.swift */,
				0532C43E27A7EB2800F081E2 /* CGameBody.swift */,
				05B6D68827D868CF002C3258 /* CGame.swift */,
				05B6D68627D77D23002C3258 /* CLetter.swift */,
				05D1EE2C27E1AD02001D67E9 /* ProgressTrackerView.swift */,
				05D1EE3427E21FB8001D67E9 /* ProgressTracker.swift */,
				05D1EE3027E21AA2001D67E9 /* WorkoutProgress.swift */,
				05B6D68427D7234A002C3258 /* CSettingsView.swift */,
				057ED24727DB428C005EDBD4 /* CSettings.swift */,
				05BAF4BA27C3ACCE00CA1416 /* InfoSheet.swift */,
				05D1EE3627E22519001D67E9 /* TapBars.swift */,
				0578165227E61E5200A3F7D5 /* FileManager-DocumentsDirectory.swift */,
				05F10BFC27E7BF7500BA502D /* SoundPlayer.swift */,
				059B274427F1777500658179 /* SpeechRecognizer.swift */,
				0578165427E6402800A3F7D5 /* CheckMark.swift */,
				05F10BFB27E7BA9400BA502D /* Sounds */,
				052367F527A946E500765B66 /* Fonts */,
				0532C43227A7EAE100F081E2 /* Assets.xcassets */,
				0532C43427A7EAE100F081E2 /* Preview Content */,
			);
			path = BetterSight;
			sourceTree = "<group>";
		};
		0532C43427A7EAE100F081E2 /* Preview Content */ = {
			isa = PBXGroup;
			children = (
				0532C43527A7EAE100F081E2 /* Preview Assets.xcassets */,
			);
			path = "Preview Content";
			sourceTree = "<group>";
		};
		05F10BFB27E7BA9400BA502D /* Sounds */ = {
			isa = PBXGroup;
			children = (
				05F10BF727E7BA8000BA502D /* beep1.mp3 */,
				05BB131227E8E46D00159FB2 /* bling2.mp3 */,
				05BB131727E904BC00159FB2 /* wrong.m4a */,
				05BB131927E905F700159FB2 /* wrong2.m4a */,
				05114F4627E9EACA00837F10 /* wrong3.m4a */,
				05114F4427E9EA8A00837F10 /* wrong4.m4a */,
				05BB131127E8E46D00159FB2 /* bling3.mp3 */,
				05F10BF827E7BA8000BA502D /* error1.mp3 */,
			);
			path = Sounds;
			sourceTree = "<group>";
		};
/* End PBXGroup section */

/* Begin PBXNativeTarget section */
		0532C42A27A7EAE000F081E2 /* BetterSight */ = {
			isa = PBXNativeTarget;
			buildConfigurationList = 0532C43927A7EAE100F081E2 /* Build configuration list for PBXNativeTarget "BetterSight" */;
			buildPhases = (
				0532C42727A7EAE000F081E2 /* Sources */,
				0532C42827A7EAE000F081E2 /* Frameworks */,
				0532C42927A7EAE000F081E2 /* Resources */,
			);
			buildRules = (
			);
			dependencies = (
			);
			name = BetterSight;
			productName = BetterSight;
			productReference = 0532C42B27A7EAE000F081E2 /* BetterSight.app */;
			productType = "com.apple.product-type.application";
		};
/* End PBXNativeTarget section */

/* Begin PBXProject section */
		0532C42327A7EAE000F081E2 /* Project object */ = {
			isa = PBXProject;
			attributes = {
				BuildIndependentTargetsInParallel = 1;
				LastSwiftUpdateCheck = 1320;
				LastUpgradeCheck = 1320;
				TargetAttributes = {
					0532C42A27A7EAE000F081E2 = {
						CreatedOnToolsVersion = 13.2.1;
					};
				};
			};
			buildConfigurationList = 0532C42627A7EAE000F081E2 /* Build configuration list for PBXProject "BetterSight" */;
			compatibilityVersion = "Xcode 13.0";
			developmentRegion = en;
			hasScannedForEncodings = 0;
			knownRegions = (
				en,
				Base,
			);
			mainGroup = 0532C42227A7EAE000F081E2;
			productRefGroup = 0532C42C27A7EAE000F081E2 /* Products */;
			projectDirPath = "";
			projectRoot = "";
			targets = (
				0532C42A27A7EAE000F081E2 /* BetterSight */,
			);
		};
/* End PBXProject section */

/* Begin PBXResourcesBuildPhase section */
		0532C42927A7EAE000F081E2 /* Resources */ = {
			isa = PBXResourcesBuildPhase;
			buildActionMask = 2147483647;
			files = (
				05114F4927E9F50A00837F10 /* Bradley Hand Bold.ttf in Resources */,
				05BB131A27E905F700159FB2 /* wrong2.m4a in Resources */,
				05BB131427E8E46D00159FB2 /* bling2.mp3 in Resources */,
				05114F4727E9EACA00837F10 /* wrong3.m4a in Resources */,
				05114F4D27E9F6B400837F10 /* Chalkboard.ttc in Resources */,
				05114F4F27E9F72F00837F10 /* ChalkboardSE.ttc in Resources */,
				05F10BFA27E7BA8000BA502D /* error1.mp3 in Resources */,
				05F10BF927E7BA8000BA502D /* beep1.mp3 in Resources */,
				05BB131827E904BC00159FB2 /* wrong.m4a in Resources */,
				05114F4527E9EA8A00837F10 /* wrong4.m4a in Resources */,
				052367F727A947B100765B66 /* OpticianSans-Regular.otf in Resources */,
				0532C43627A7EAE100F081E2 /* Preview Assets.xcassets in Resources */,
				0532C43327A7EAE100F081E2 /* Assets.xcassets in Resources */,
				05BB131327E8E46D00159FB2 /* bling3.mp3 in Resources */,
			);
			runOnlyForDeploymentPostprocessing = 0;
		};
/* End PBXResourcesBuildPhase section */

/* Begin PBXSourcesBuildPhase section */
		0532C42727A7EAE000F081E2 /* Sources */ = {
			isa = PBXSourcesBuildPhase;
			buildActionMask = 2147483647;
			files = (
				0578165327E61E5300A3F7D5 /* FileManager-DocumentsDirectory.swift in Sources */,
				05D1EE3127E21AA2001D67E9 /* WorkoutProgress.swift in Sources */,
				0578165527E6402800A3F7D5 /* CheckMark.swift in Sources */,
				059B274527F1777500658179 /* SpeechRecognizer.swift in Sources */,
				05B6D68527D7234A002C3258 /* CSettingsView.swift in Sources */,
				0532C43127A7EAE000F081E2 /* MainView.swift in Sources */,
				057ED24827DB428C005EDBD4 /* CSettings.swift in Sources */,
				05D1EE3727E22519001D67E9 /* TapBars.swift in Sources */,
				05D1EE3527E21FB8001D67E9 /* ProgressTracker.swift in Sources */,
				05B6D68727D77D23002C3258 /* CLetter.swift in Sources */,
				0532C43F27A7EB2800F081E2 /* CGameBody.swift in Sources */,
				05BAF4BB27C3ACCE00CA1416 /* InfoSheet.swift in Sources */,
				057B89EB27DE179100AF2A3D /* CGameView.swift in Sources */,
				05D1EE2D27E1AD02001D67E9 /* ProgressTrackerView.swift in Sources */,
				05B6D68927D868CF002C3258 /* CGame.swift in Sources */,
				05F10BFD27E7BF7500BA502D /* SoundPlayer.swift in Sources */,
				0532C42F27A7EAE000F081E2 /* BetterSightApp.swift in Sources */,
			);
			runOnlyForDeploymentPostprocessing = 0;
		};
/* End PBXSourcesBuildPhase section */

/* Begin XCBuildConfiguration section */
		0532C43727A7EAE100F081E2 /* Debug */ = {
			isa = XCBuildConfiguration;
			buildSettings = {
				ALWAYS_SEARCH_USER_PATHS = NO;
				CLANG_ANALYZER_NONNULL = YES;
				CLANG_ANALYZER_NUMBER_OBJECT_CONVERSION = YES_AGGRESSIVE;
				CLANG_CXX_LANGUAGE_STANDARD = "gnu++17";
				CLANG_CXX_LIBRARY = "libc++";
				CLANG_ENABLE_MODULES = YES;
				CLANG_ENABLE_OBJC_ARC = YES;
				CLANG_ENABLE_OBJC_WEAK = YES;
				CLANG_WARN_BLOCK_CAPTURE_AUTORELEASING = YES;
				CLANG_WARN_BOOL_CONVERSION = YES;
				CLANG_WARN_COMMA = YES;
				CLANG_WARN_CONSTANT_CONVERSION = YES;
				CLANG_WARN_DEPRECATED_OBJC_IMPLEMENTATIONS = YES;
				CLANG_WARN_DIRECT_OBJC_ISA_USAGE = YES_ERROR;
				CLANG_WARN_DOCUMENTATION_COMMENTS = YES;
				CLANG_WARN_EMPTY_BODY = YES;
				CLANG_WARN_ENUM_CONVERSION = YES;
				CLANG_WARN_INFINITE_RECURSION = YES;
				CLANG_WARN_INT_CONVERSION = YES;
				CLANG_WARN_NON_LITERAL_NULL_CONVERSION = YES;
				CLANG_WARN_OBJC_IMPLICIT_RETAIN_SELF = YES;
				CLANG_WARN_OBJC_LITERAL_CONVERSION = YES;
				CLANG_WARN_OBJC_ROOT_CLASS = YES_ERROR;
				CLANG_WARN_QUOTED_INCLUDE_IN_FRAMEWORK_HEADER = YES;
				CLANG_WARN_RANGE_LOOP_ANALYSIS = YES;
				CLANG_WARN_STRICT_PROTOTYPES = YES;
				CLANG_WARN_SUSPICIOUS_MOVE = YES;
				CLANG_WARN_UNGUARDED_AVAILABILITY = YES_AGGRESSIVE;
				CLANG_WARN_UNREACHABLE_CODE = YES;
				CLANG_WARN__DUPLICATE_METHOD_MATCH = YES;
				COPY_PHASE_STRIP = NO;
				DEBUG_INFORMATION_FORMAT = dwarf;
				ENABLE_STRICT_OBJC_MSGSEND = YES;
				ENABLE_TESTABILITY = YES;
				GCC_C_LANGUAGE_STANDARD = gnu11;
				GCC_DYNAMIC_NO_PIC = NO;
				GCC_NO_COMMON_BLOCKS = YES;
				GCC_OPTIMIZATION_LEVEL = 0;
				GCC_PREPROCESSOR_DEFINITIONS = (
					"DEBUG=1",
					"$(inherited)",
				);
				GCC_WARN_64_TO_32_BIT_CONVERSION = YES;
				GCC_WARN_ABOUT_RETURN_TYPE = YES_ERROR;
				GCC_WARN_UNDECLARED_SELECTOR = YES;
				GCC_WARN_UNINITIALIZED_AUTOS = YES_AGGRESSIVE;
				GCC_WARN_UNUSED_FUNCTION = YES;
				GCC_WARN_UNUSED_VARIABLE = YES;
				IPHONEOS_DEPLOYMENT_TARGET = 15.2;
				MTL_ENABLE_DEBUG_INFO = INCLUDE_SOURCE;
				MTL_FAST_MATH = YES;
				ONLY_ACTIVE_ARCH = YES;
				SDKROOT = iphoneos;
				SWIFT_ACTIVE_COMPILATION_CONDITIONS = DEBUG;
				SWIFT_OPTIMIZATION_LEVEL = "-Onone";
			};
			name = Debug;
		};
		0532C43827A7EAE100F081E2 /* Release */ = {
			isa = XCBuildConfiguration;
			buildSettings = {
				ALWAYS_SEARCH_USER_PATHS = NO;
				CLANG_ANALYZER_NONNULL = YES;
				CLANG_ANALYZER_NUMBER_OBJECT_CONVERSION = YES_AGGRESSIVE;
				CLANG_CXX_LANGUAGE_STANDARD = "gnu++17";
				CLANG_CXX_LIBRARY = "libc++";
				CLANG_ENABLE_MODULES = YES;
				CLANG_ENABLE_OBJC_ARC = YES;
				CLANG_ENABLE_OBJC_WEAK = YES;
				CLANG_WARN_BLOCK_CAPTURE_AUTORELEASING = YES;
				CLANG_WARN_BOOL_CONVERSION = YES;
				CLANG_WARN_COMMA = YES;
				CLANG_WARN_CONSTANT_CONVERSION = YES;
				CLANG_WARN_DEPRECATED_OBJC_IMPLEMENTATIONS = YES;
				CLANG_WARN_DIRECT_OBJC_ISA_USAGE = YES_ERROR;
				CLANG_WARN_DOCUMENTATION_COMMENTS = YES;
				CLANG_WARN_EMPTY_BODY = YES;
				CLANG_WARN_ENUM_CONVERSION = YES;
				CLANG_WARN_INFINITE_RECURSION = YES;
				CLANG_WARN_INT_CONVERSION = YES;
				CLANG_WARN_NON_LITERAL_NULL_CONVERSION = YES;
				CLANG_WARN_OBJC_IMPLICIT_RETAIN_SELF = YES;
				CLANG_WARN_OBJC_LITERAL_CONVERSION = YES;
				CLANG_WARN_OBJC_ROOT_CLASS = YES_ERROR;
				CLANG_WARN_QUOTED_INCLUDE_IN_FRAMEWORK_HEADER = YES;
				CLANG_WARN_RANGE_LOOP_ANALYSIS = YES;
				CLANG_WARN_STRICT_PROTOTYPES = YES;
				CLANG_WARN_SUSPICIOUS_MOVE = YES;
				CLANG_WARN_UNGUARDED_AVAILABILITY = YES_AGGRESSIVE;
				CLANG_WARN_UNREACHABLE_CODE = YES;
				CLANG_WARN__DUPLICATE_METHOD_MATCH = YES;
				COPY_PHASE_STRIP = NO;
				DEBUG_INFORMATION_FORMAT = "dwarf-with-dsym";
				ENABLE_NS_ASSERTIONS = NO;
				ENABLE_STRICT_OBJC_MSGSEND = YES;
				GCC_C_LANGUAGE_STANDARD = gnu11;
				GCC_NO_COMMON_BLOCKS = YES;
				GCC_WARN_64_TO_32_BIT_CONVERSION = YES;
				GCC_WARN_ABOUT_RETURN_TYPE = YES_ERROR;
				GCC_WARN_UNDECLARED_SELECTOR = YES;
				GCC_WARN_UNINITIALIZED_AUTOS = YES_AGGRESSIVE;
				GCC_WARN_UNUSED_FUNCTION = YES;
				GCC_WARN_UNUSED_VARIABLE = YES;
				IPHONEOS_DEPLOYMENT_TARGET = 15.2;
				MTL_ENABLE_DEBUG_INFO = NO;
				MTL_FAST_MATH = YES;
				SDKROOT = iphoneos;
				SWIFT_COMPILATION_MODE = wholemodule;
				SWIFT_OPTIMIZATION_LEVEL = "-O";
				VALIDATE_PRODUCT = YES;
			};
			name = Release;
		};
		0532C43A27A7EAE100F081E2 /* Debug */ = {
			isa = XCBuildConfiguration;
			buildSettings = {
				ASSETCATALOG_COMPILER_APPICON_NAME = AppIcon;
				ASSETCATALOG_COMPILER_GLOBAL_ACCENT_COLOR_NAME = AccentColor;
				CODE_SIGN_STYLE = Automatic;
				CURRENT_PROJECT_VERSION = 1;
				DEVELOPMENT_ASSET_PATHS = "\"BetterSight/Preview Content\"";
				DEVELOPMENT_TEAM = 52PGG4Y4Z5;
				ENABLE_PREVIEWS = YES;
				GENERATE_INFOPLIST_FILE = YES;
				INFOPLIST_FILE = BetterSight/Info.plist;
				INFOPLIST_KEY_LSApplicationCategoryType = "";
				INFOPLIST_KEY_NSMicrophoneUsageDescription = "\"You can wourkout with speech\"";
				INFOPLIST_KEY_NSSpeechRecognitionUsageDescription = "\"You can workout with speech\"";
				INFOPLIST_KEY_UIApplicationSceneManifest_Generation = YES;
				INFOPLIST_KEY_UIApplicationSupportsIndirectInputEvents = YES;
				INFOPLIST_KEY_UILaunchScreen_Generation = YES;
				INFOPLIST_KEY_UISupportedInterfaceOrientations = UIInterfaceOrientationPortrait;
				INFOPLIST_KEY_UISupportedInterfaceOrientations_iPad = "UIInterfaceOrientationPortrait UIInterfaceOrientationPortraitUpsideDown UIInterfaceOrientationLandscapeLeft UIInterfaceOrientationLandscapeRight";
				INFOPLIST_KEY_UISupportedInterfaceOrientations_iPhone = UIInterfaceOrientationPortrait;
				INFOPLIST_KEY_UIUserInterfaceStyle = Light;
				LD_RUNPATH_SEARCH_PATHS = (
					"$(inherited)",
					"@executable_path/Frameworks",
				);
				MARKETING_VERSION = 2.0;
				PRODUCT_BUNDLE_IDENTIFIER = oi.BetterSight;
				PRODUCT_NAME = "$(TARGET_NAME)";
				SWIFT_EMIT_LOC_STRINGS = YES;
				SWIFT_VERSION = 5.0;
				TARGETED_DEVICE_FAMILY = "1,2";
			};
			name = Debug;
		};
		0532C43B27A7EAE100F081E2 /* Release */ = {
			isa = XCBuildConfiguration;
			buildSettings = {
				ASSETCATALOG_COMPILER_APPICON_NAME = AppIcon;
				ASSETCATALOG_COMPILER_GLOBAL_ACCENT_COLOR_NAME = AccentColor;
				CODE_SIGN_STYLE = Automatic;
				CURRENT_PROJECT_VERSION = 1;
				DEVELOPMENT_ASSET_PATHS = "\"BetterSight/Preview Content\"";
				DEVELOPMENT_TEAM = 52PGG4Y4Z5;
				ENABLE_PREVIEWS = YES;
				GENERATE_INFOPLIST_FILE = YES;
				INFOPLIST_FILE = BetterSight/Info.plist;
				INFOPLIST_KEY_LSApplicationCategoryType = "";
				INFOPLIST_KEY_NSMicrophoneUsageDescription = "\"You can wourkout with speech\"";
				INFOPLIST_KEY_NSSpeechRecognitionUsageDescription = "\"You can workout with speech\"";
				INFOPLIST_KEY_UIApplicationSceneManifest_Generation = YES;
				INFOPLIST_KEY_UIApplicationSupportsIndirectInputEvents = YES;
				INFOPLIST_KEY_UILaunchScreen_Generation = YES;
				INFOPLIST_KEY_UISupportedInterfaceOrientations = UIInterfaceOrientationPortrait;
				INFOPLIST_KEY_UISupportedInterfaceOrientations_iPad = "UIInterfaceOrientationPortrait UIInterfaceOrientationPortraitUpsideDown UIInterfaceOrientationLandscapeLeft UIInterfaceOrientationLandscapeRight";
				INFOPLIST_KEY_UISupportedInterfaceOrientations_iPhone = UIInterfaceOrientationPortrait;
				INFOPLIST_KEY_UIUserInterfaceStyle = Light;
				LD_RUNPATH_SEARCH_PATHS = (
					"$(inherited)",
					"@executable_path/Frameworks",
				);
				MARKETING_VERSION = 2.0;
				PRODUCT_BUNDLE_IDENTIFIER = oi.BetterSight;
				PRODUCT_NAME = "$(TARGET_NAME)";
				SWIFT_EMIT_LOC_STRINGS = YES;
				SWIFT_VERSION = 5.0;
				TARGETED_DEVICE_FAMILY = "1,2";
			};
			name = Release;
		};
/* End XCBuildConfiguration section */

/* Begin XCConfigurationList section */
		0532C42627A7EAE000F081E2 /* Build configuration list for PBXProject "BetterSight" */ = {
			isa = XCConfigurationList;
			buildConfigurations = (
				0532C43727A7EAE100F081E2 /* Debug */,
				0532C43827A7EAE100F081E2 /* Release */,
			);
			defaultConfigurationIsVisible = 0;
			defaultConfigurationName = Release;
		};
		0532C43927A7EAE100F081E2 /* Build configuration list for PBXNativeTarget "BetterSight" */ = {
			isa = XCConfigurationList;
			buildConfigurations = (
				0532C43A27A7EAE100F081E2 /* Debug */,
				0532C43B27A7EAE100F081E2 /* Release */,
			);
			defaultConfigurationIsVisible = 0;
			defaultConfigurationName = Release;
		};
/* End XCConfigurationList section */
	};
	rootObject = 0532C42327A7EAE000F081E2 /* Project object */;
}
